
Microsoft Visual Studio Solution File, Format Version 12.00
# Visual Studio Version 16
VisualStudioVersion = 16.0.30320.27
MinimumVisualStudioVersion = 10.0.40219.1
Project("{FAE04EC0-301F-11D3-BF4B-00C04F79EFBC}") = "Concesionaria", "Concesionaria\Concesionaria.csproj", "{DA96ECEE-18C4-45E6-A8EA-C61D6036874A}"
EndProject
Global
	GlobalSection(SolutionConfigurationPlatforms) = preSolution
		Debug|Any CPU = Debug|Any CPU
		Release|Any CPU = Release|Any CPU
	EndGlobalSection
	GlobalSection(ProjectConfigurationPlatforms) = postSolution
		{DA96ECEE-18C4-45E6-A8EA-C61D6036874A}.Debug|Any CPU.ActiveCfg = Debug|Any CPU
		{DA96ECEE-18C4-45E6-A8EA-C61D6036874A}.Debug|Any CPU.Build.0 = Debug|Any CPU
		{DA96ECEE-18C4-45E6-A8EA-C61D6036874A}.Release|Any CPU.ActiveCfg = Release|Any CPU
		{DA96ECEE-18C4-45E6-A8EA-C61D6036874A}.Release|Any CPU.Build.0 = Release|Any CPU
	EndGlobalSection
	GlobalSection(SolutionProperties) = preSolution
		HideSolutionNode = FALSE
	EndGlobalSection
	GlobalSection(ExtensibilityGlobals) = postSolution
		SolutionGuid = {DB18F996-8D03-48E2-8B6D-EB1B7E7578D3}
	EndGlobalSection
EndGlobal
