
Microsoft Visual Studio Solution File, Format Version 12.00
# Visual Studio Version 16
VisualStudioVersion = 16.0.30503.244
MinimumVisualStudioVersion = 10.0.40219.1
Project("{FAE04EC0-301F-11D3-BF4B-00C04F79EFBC}") = "Proyecto Final concesionaria", "Proyecto Final concesionaria\Proyecto Final concesionaria.csproj", "{1D003A96-D933-4338-B2AC-C9A002DEDC2D}"
EndProject
Global
	GlobalSection(SolutionConfigurationPlatforms) = preSolution
		Debug|Any CPU = Debug|Any CPU
		Release|Any CPU = Release|Any CPU
	EndGlobalSection
	GlobalSection(ProjectConfigurationPlatforms) = postSolution
		{1D003A96-D933-4338-B2AC-C9A002DEDC2D}.Debug|Any CPU.ActiveCfg = Debug|Any CPU
		{1D003A96-D933-4338-B2AC-C9A002DEDC2D}.Debug|Any CPU.Build.0 = Debug|Any CPU
		{1D003A96-D933-4338-B2AC-C9A002DEDC2D}.Release|Any CPU.ActiveCfg = Release|Any CPU
		{1D003A96-D933-4338-B2AC-C9A002DEDC2D}.Release|Any CPU.Build.0 = Release|Any CPU
	EndGlobalSection
	GlobalSection(SolutionProperties) = preSolution
		HideSolutionNode = FALSE
	EndGlobalSection
	GlobalSection(ExtensibilityGlobals) = postSolution
		SolutionGuid = {1FB63420-DE9A-4B59-A279-EC2962CE0A30}
	EndGlobalSection
EndGlobal
